
Microsoft Visual Studio Solution File, Format Version 12.00
Project("{9A19103F-16F7-4668-BE54-9A1E7A4F7556}") = "ImageNormalizer", "ImageNormalizer\ImageNormalizer.csproj", "{AA92DD28-26D9-49DD-B83E-6EDE752C5D83}"
EndProject
Project("{9A19103F-16F7-4668-BE54-9A1E7A4F7556}") = "ImageNormalizer.Test", "ImageNormalizer.Test\ImageNormalizer.Test.csproj", "{8B0BE947-DBC5-4184-B967-FE5AA6822DA1}"
EndProject
Project("{2150E333-8FDC-42A3-9474-1A3956D46DE8}") = "Solution Items", "Solution Items", "{B8AAF085-EFA7-4C1F-BA5B-5CAA4157B2E2}"
	ProjectSection(SolutionItems) = preProject
		Directory.Build.props = Directory.Build.props
	EndProjectSection
EndProject
Global
	GlobalSection(SolutionConfigurationPlatforms) = preSolution
		Debug|Any CPU = Debug|Any CPU
		Release|Any CPU = Release|Any CPU
	EndGlobalSection
	GlobalSection(ProjectConfigurationPlatforms) = postSolution
		{AA92DD28-26D9-49DD-B83E-6EDE752C5D83}.Debug|Any CPU.ActiveCfg = Debug|Any CPU
		{AA92DD28-26D9-49DD-B83E-6EDE752C5D83}.Debug|Any CPU.Build.0 = Debug|Any CPU
		{AA92DD28-26D9-49DD-B83E-6EDE752C5D83}.Release|Any CPU.ActiveCfg = Release|Any CPU
		{AA92DD28-26D9-49DD-B83E-6EDE752C5D83}.Release|Any CPU.Build.0 = Release|Any CPU
		{8B0BE947-DBC5-4184-B967-FE5AA6822DA1}.Debug|Any CPU.ActiveCfg = Debug|Any CPU
		{8B0BE947-DBC5-4184-B967-FE5AA6822DA1}.Debug|Any CPU.Build.0 = Debug|Any CPU
		{8B0BE947-DBC5-4184-B967-FE5AA6822DA1}.Release|Any CPU.ActiveCfg = Release|Any CPU
		{8B0BE947-DBC5-4184-B967-FE5AA6822DA1}.Release|Any CPU.Build.0 = Release|Any CPU
	EndGlobalSection
EndGlobal
